
Microsoft Visual Studio Solution File, Format Version 12.00
# Visual Studio Version 17
VisualStudioVersion = 17.12.35521.163
MinimumVisualStudioVersion = 10.0.40219.1
Project("{FAE04EC0-301F-11D3-BF4B-00C04F79EFBC}") = "AcademiaLoja.Web", "AcademiaLoja\AcademiaLoja.Web.csproj", "{61E26A82-C803-4A8E-A672-C5001D134DCA}"
	ProjectSection(ProjectDependencies) = postProject
		{2CD6EF1A-95E2-42D8-9DF1-526032CC84F0} = {2CD6EF1A-95E2-42D8-9DF1-526032CC84F0}
		{93C719DA-F397-489F-8C99-71E0C45A272A} = {93C719DA-F397-489F-8C99-71E0C45A272A}
	EndProjectSection
EndProject
Project("{FAE04EC0-301F-11D3-BF4B-00C04F79EFBC}") = "AcademiaLoja.Application", "AcademiaLoja.Application\AcademiaLoja.Application.csproj", "{2CD6EF1A-95E2-42D8-9DF1-526032CC84F0}"
	ProjectSection(ProjectDependencies) = postProject
		{14583BAD-2D17-44B9-806D-A83A60085B6E} = {14583BAD-2D17-44B9-806D-A83A60085B6E}
	EndProjectSection
EndProject
Project("{FAE04EC0-301F-11D3-BF4B-00C04F79EFBC}") = "AcademiaLoja.Domain", "AcademiaLoja.Domain\AcademiaLoja.Domain.csproj", "{14583BAD-2D17-44B9-806D-A83A60085B6E}"
EndProject
Project("{FAE04EC0-301F-11D3-BF4B-00C04F79EFBC}") = "AcademiaLoja.Infra", "AcademiaLojaInfra\AcademiaLoja.Infra.csproj", "{93C719DA-F397-489F-8C99-71E0C45A272A}"
	ProjectSection(ProjectDependencies) = postProject
		{14583BAD-2D17-44B9-806D-A83A60085B6E} = {14583BAD-2D17-44B9-806D-A83A60085B6E}
		{2CD6EF1A-95E2-42D8-9DF1-526032CC84F0} = {2CD6EF1A-95E2-42D8-9DF1-526032CC84F0}
	EndProjectSection
EndProject
Project("{FAE04EC0-301F-11D3-BF4B-00C04F79EFBC}") = "CrudGenerator", "CrudGenerator\CrudGenerator.csproj", "{E75C56DC-DD07-40A7-BE2D-FA51AE89CB61}"
EndProject
Global
	GlobalSection(SolutionConfigurationPlatforms) = preSolution
		Debug|Any CPU = Debug|Any CPU
		Release|Any CPU = Release|Any CPU
	EndGlobalSection
	GlobalSection(ProjectConfigurationPlatforms) = postSolution
		{61E26A82-C803-4A8E-A672-C5001D134DCA}.Debug|Any CPU.ActiveCfg = Debug|Any CPU
		{61E26A82-C803-4A8E-A672-C5001D134DCA}.Debug|Any CPU.Build.0 = Debug|Any CPU
		{61E26A82-C803-4A8E-A672-C5001D134DCA}.Release|Any CPU.ActiveCfg = Release|Any CPU
		{61E26A82-C803-4A8E-A672-C5001D134DCA}.Release|Any CPU.Build.0 = Release|Any CPU
		{2CD6EF1A-95E2-42D8-9DF1-526032CC84F0}.Debug|Any CPU.ActiveCfg = Debug|Any CPU
		{2CD6EF1A-95E2-42D8-9DF1-526032CC84F0}.Debug|Any CPU.Build.0 = Debug|Any CPU
		{2CD6EF1A-95E2-42D8-9DF1-526032CC84F0}.Release|Any CPU.ActiveCfg = Release|Any CPU
		{2CD6EF1A-95E2-42D8-9DF1-526032CC84F0}.Release|Any CPU.Build.0 = Release|Any CPU
		{14583BAD-2D17-44B9-806D-A83A60085B6E}.Debug|Any CPU.ActiveCfg = Debug|Any CPU
		{14583BAD-2D17-44B9-806D-A83A60085B6E}.Debug|Any CPU.Build.0 = Debug|Any CPU
		{14583BAD-2D17-44B9-806D-A83A60085B6E}.Release|Any CPU.ActiveCfg = Release|Any CPU
		{14583BAD-2D17-44B9-806D-A83A60085B6E}.Release|Any CPU.Build.0 = Release|Any CPU
		{93C719DA-F397-489F-8C99-71E0C45A272A}.Debug|Any CPU.ActiveCfg = Debug|Any CPU
		{93C719DA-F397-489F-8C99-71E0C45A272A}.Debug|Any CPU.Build.0 = Debug|Any CPU
		{93C719DA-F397-489F-8C99-71E0C45A272A}.Release|Any CPU.ActiveCfg = Release|Any CPU
		{93C719DA-F397-489F-8C99-71E0C45A272A}.Release|Any CPU.Build.0 = Release|Any CPU
		{E75C56DC-DD07-40A7-BE2D-FA51AE89CB61}.Debug|Any CPU.ActiveCfg = Debug|Any CPU
		{E75C56DC-DD07-40A7-BE2D-FA51AE89CB61}.Debug|Any CPU.Build.0 = Debug|Any CPU
		{E75C56DC-DD07-40A7-BE2D-FA51AE89CB61}.Release|Any CPU.ActiveCfg = Release|Any CPU
		{E75C56DC-DD07-40A7-BE2D-FA51AE89CB61}.Release|Any CPU.Build.0 = Release|Any CPU
	EndGlobalSection
	GlobalSection(SolutionProperties) = preSolution
		HideSolutionNode = FALSE
	EndGlobalSection
EndGlobal
